lockVersion: 2.0.0
id: 38b60592-b153-4ed6-beab-fe9efb55ca7d
management:
  docChecksum: 7222d44e3324630dae1767110748a718
  docVersion: 0.0.4
  speakeasyVersion: 1.444.3
  generationVersion: 2.461.4
  releaseVersion: 0.3.0
  configChecksum: 64de49eb90595fa20193b57d4a1f7965
  repoURL: https://github.com/const-cloudinary/analysis-go.git
  installationURL: https://github.com/const-cloudinary/analysis-go
features:
  go:
    additionalDependencies: 0.1.0
    additionalProperties: 0.1.2
    core: 3.5.16
    defaultEnabledRetries: 0.2.0
    deprecations: 2.81.1
    devContainers: 2.90.0
    envVarSecurityUsage: 0.3.2
    flattening: 2.81.1
    globalSecurity: 2.82.10
    globalSecurityCallbacks: 0.1.0
    globalServerURLs: 2.82.2
    globals: 2.82.2
    intellisenseMarkdownSupport: 0.1.0
    nameOverrides: 2.81.2
    responseFormat: 0.1.2
    retries: 2.83.1
    sdkHooks: 0.1.0
    tests: 0.6.0
    unions: 2.85.10
generatedFiles:
  - .devcontainer/README.md
  - .devcontainer/devcontainer.json
  - .devcontainer/setup.sh
  - .gitattributes
  - /models/components/aivisiongeneralanalysisdata.go
  - /models/components/aivisionmoderationanalysisdata.go
  - /models/components/aivisiontagginganalysisdata.go
  - /models/components/analysispayload.go
  - /models/components/analysistype.go
  - /models/components/analyzeaivisiongeneralrequest.go
  - /models/components/analyzeaivisiongeneralresponse.go
  - /models/components/analyzeaivisionmoderationrequest.go
  - /models/components/analyzeaivisionmoderationresponse.go
  - /models/components/analyzeaivisiontaggingrequest.go
  - /models/components/analyzeaivisiontaggingresponse.go
  - /models/components/analyzecaptioningresponse.go
  - /models/components/analyzecldfashionresponse.go
  - /models/components/analyzecldtextresponse.go
  - /models/components/analyzecocoresponse.go
  - /models/components/analyzegoogletaggingresponse.go
  - /models/components/analyzehumananatomyresponse.go
  - /models/components/analyzelvisresponse.go
  - /models/components/analyzeresponse.go
  - /models/components/analyzeshopclassifierresponse.go
  - /models/components/analyzeunidetresponse.go
  - /models/components/analyzeurirequest.go
  - /models/components/baseanalyzerequest.go
  - /models/components/captioninganalysisdata.go
  - /models/components/cldfashionanalysisdata.go
  - /models/components/cldtextanalysisdata.go
  - /models/components/cocoanalysisdata.go
  - /models/components/feature.go
  - /models/components/googletagginganalysisdata.go
  - /models/components/httpmetadata.go
  - /models/components/humananatomyanalysisdata.go
  - /models/components/limits.go
  - /models/components/lvisanalysisdata.go
  - /models/components/schemebasicauth.go
  - /models/components/security.go
  - /models/components/shopclassifieranalysisdata.go
  - /models/components/source.go
  - /models/components/unidetanalysisdata.go
  - /models/operations/analyzeaivisiongeneral.go
  - /models/operations/analyzeaivisionmoderation.go
  - /models/operations/analyzeaivisiontagging.go
  - /models/operations/analyzecaptioning.go
  - /models/operations/analyzecldfashion.go
  - /models/operations/analyzecldtext.go
  - /models/operations/analyzecoco.go
  - /models/operations/analyzegoogletagging.go
  - /models/operations/analyzehumananatomy.go
  - /models/operations/analyzelvis.go
  - /models/operations/analyzeshopclassifier.go
  - /models/operations/analyzeunidet.go
  - /models/operations/analyzeuri.go
  - /models/sdkerrors/errorresponse.go
  - /models/sdkerrors/timeout.go
  - CONTRIBUTING.md
  - USAGE.md
  - analysis.go
  - analysissdk.go
  - docs/models/components/aivisiongeneralanalysisdata.md
  - docs/models/components/aivisionmoderationanalysisdata.md
  - docs/models/components/aivisionmoderationanalysisdataresponses.md
  - docs/models/components/aivisiontagginganalysisdata.md
  - docs/models/components/analysis.md
  - docs/models/components/analysispayload.md
  - docs/models/components/analysistype.md
  - docs/models/components/analyzeaivisiongeneralrequest.md
  - docs/models/components/analyzeaivisiongeneralresponse.md
  - docs/models/components/analyzeaivisionmoderationrequest.md
  - docs/models/components/analyzeaivisionmoderationresponse.md
  - docs/models/components/analyzeaivisionmoderationresponsedata.md
  - docs/models/components/analyzeaivisiontaggingrequest.md
  - docs/models/components/analyzeaivisiontaggingresponse.md
  - docs/models/components/analyzeaivisiontaggingresponsedata.md
  - docs/models/components/analyzecaptioningresponse.md
  - docs/models/components/analyzecaptioningresponsedata.md
  - docs/models/components/analyzecldfashionresponse.md
  - docs/models/components/analyzecldfashionresponsedata.md
  - docs/models/components/analyzecldtextresponse.md
  - docs/models/components/analyzecldtextresponsedata.md
  - docs/models/components/analyzecocoresponse.md
  - docs/models/components/analyzecocoresponsedata.md
  - docs/models/components/analyzegoogletaggingresponse.md
  - docs/models/components/analyzegoogletaggingresponsedata.md
  - docs/models/components/analyzehumananatomyresponse.md
  - docs/models/components/analyzehumananatomyresponsedata.md
  - docs/models/components/analyzelvisresponse.md
  - docs/models/components/analyzelvisresponsedata.md
  - docs/models/components/analyzeresponse.md
  - docs/models/components/analyzeshopclassifierresponse.md
  - docs/models/components/analyzeshopclassifierresponsedata.md
  - docs/models/components/analyzeunidetresponse.md
  - docs/models/components/analyzeunidetresponsedata.md
  - docs/models/components/analyzeurirequest.md
  - docs/models/components/assetid.md
  - docs/models/components/baseanalyzerequest.md
  - docs/models/components/captioninganalysisdata.md
  - docs/models/components/captioninganalysisdatadata.md
  - docs/models/components/cldfashionanalysisdata.md
  - docs/models/components/cldfashionanalysisdatatags.md
  - docs/models/components/cldtextanalysisdata.md
  - docs/models/components/cldtextanalysisdatatags.md
  - docs/models/components/cocoanalysisdata.md
  - docs/models/components/cocoanalysisdatatags.md
  - docs/models/components/data.md
  - docs/models/components/feature.md
  - docs/models/components/googletagginganalysisdata.md
  - docs/models/components/httpmetadata.md
  - docs/models/components/humananatomyanalysisdata.md
  - docs/models/components/humananatomyanalysisdatatags.md
  - docs/models/components/labelannotations.md
  - docs/models/components/labels.md
  - docs/models/components/limits.md
  - docs/models/components/lvisanalysisdata.md
  - docs/models/components/lvisanalysisdatatags.md
  - docs/models/components/responses.md
  - docs/models/components/schemebasicauth.md
  - docs/models/components/security.md
  - docs/models/components/shopclassifieranalysisdata.md
  - docs/models/components/shopclassifieranalysisdatatags.md
  - docs/models/components/source.md
  - docs/models/components/tagdefinitions.md
  - docs/models/components/tags.md
  - docs/models/components/unidetanalysisdata.md
  - docs/models/components/unidetanalysisdatatags.md
  - docs/models/components/uri.md
  - docs/models/components/usage.md
  - docs/models/components/value.md
  - docs/models/operations/analyzeaivisiongeneralglobals.md
  - docs/models/operations/analyzeaivisiongeneralrequest.md
  - docs/models/operations/analyzeaivisiongeneralresponse.md
  - docs/models/operations/analyzeaivisionmoderationglobals.md
  - docs/models/operations/analyzeaivisionmoderationrequest.md
  - docs/models/operations/analyzeaivisionmoderationresponse.md
  - docs/models/operations/analyzeaivisiontaggingglobals.md
  - docs/models/operations/analyzeaivisiontaggingrequest.md
  - docs/models/operations/analyzeaivisiontaggingresponse.md
  - docs/models/operations/analyzecaptioningglobals.md
  - docs/models/operations/analyzecaptioningrequest.md
  - docs/models/operations/analyzecaptioningresponse.md
  - docs/models/operations/analyzecldfashionglobals.md
  - docs/models/operations/analyzecldfashionrequest.md
  - docs/models/operations/analyzecldfashionresponse.md
  - docs/models/operations/analyzecldtextglobals.md
  - docs/models/operations/analyzecldtextrequest.md
  - docs/models/operations/analyzecldtextresponse.md
  - docs/models/operations/analyzecocoglobals.md
  - docs/models/operations/analyzecocorequest.md
  - docs/models/operations/analyzecocoresponse.md
  - docs/models/operations/analyzegoogletaggingglobals.md
  - docs/models/operations/analyzegoogletaggingrequest.md
  - docs/models/operations/analyzegoogletaggingresponse.md
  - docs/models/operations/analyzehumananatomyglobals.md
  - docs/models/operations/analyzehumananatomyrequest.md
  - docs/models/operations/analyzehumananatomyresponse.md
  - docs/models/operations/analyzelvisglobals.md
  - docs/models/operations/analyzelvisrequest.md
  - docs/models/operations/analyzelvisresponse.md
  - docs/models/operations/analyzeshopclassifierglobals.md
  - docs/models/operations/analyzeshopclassifierrequest.md
  - docs/models/operations/analyzeshopclassifierresponse.md
  - docs/models/operations/analyzeunidetglobals.md
  - docs/models/operations/analyzeunidetrequest.md
  - docs/models/operations/analyzeunidetresponse.md
  - docs/models/operations/analyzeuriglobals.md
  - docs/models/operations/analyzeurirequest.md
  - docs/models/operations/analyzeuriresponse.md
  - docs/models/operations/option.md
  - docs/models/sdkerrors/category.md
  - docs/models/sdkerrors/details.md
  - docs/models/sdkerrors/error.md
  - docs/models/sdkerrors/errorresponse.md
  - docs/models/sdkerrors/timeout.md
  - docs/sdks/analysis/README.md
  - docs/sdks/analysissdk/README.md
  - go.mod
  - internal/globals/globals.go
  - internal/hooks/hooks.go
  - internal/utils/contenttype.go
  - internal/utils/form.go
  - internal/utils/headers.go
  - internal/utils/json.go
  - internal/utils/pathparams.go
  - internal/utils/queryparams.go
  - internal/utils/requestbody.go
  - internal/utils/retries.go
  - internal/utils/security.go
  - internal/utils/utils.go
  - models/operations/options.go
  - models/sdkerrors/sdkerror.go
  - retry/config.go
  - tests/analysissdk_test.go
  - tests/files.go
  - types/bigint.go
  - types/date.go
  - types/datetime.go
  - types/decimal.go
  - types/pointers.go
examples:
  analyze_ai_vision_general:
    speakeasy-default-analyze-ai-vision-general:
      requestBody:
        application/json: {"source": {"asset_id": "e12345b5c456c8901bbb0efc00c0fcf", "uri": "https://res.cloudinary.com/demo/image/upload/sample.jpg"}, "prompts": ["[\"Please describe this image in detail\",\"Does this image contain an animal?\"]"]}
      responses:
        "200":
          application/json: {"data": {"analysis": {"responses": [{"value": "The image contains one cat."}, {"value": "The cat is on top of the table."}], "model_version": 1}}, "limits": {"usage": {"type": "ai_vision", "count": 123}}, "request_id": "17c3b70c5096df0e77e838323abb7029"}
        "400":
          application/json: {"error": {"category": "user_error", "code": "MA_00001", "message": "missing parameters", "request_id": "17c3b70c5096df0e77e838323abb7029"}}
    UriExample:
      parameters:
        path:
          cloud_name: "your-cloud-name"
      requestBody:
        application/json: {"source": {"uri": "https://res.cloudinary.com/demo/image/upload/sample.jpg"}, "prompts": ["Describe this image in detail", "Does this image contain an insect?"]}
      responses:
        "200":
          application/json: {"data": {"analysis": {"responses": [{"value": "The image contains one cat."}, {"value": "The cat is on top of the table."}], "model_version": 1}}, "limits": {"usage": {"type": "ai_vision", "count": 123}}, "request_id": "17c3b70c5096df0e77e838323abb7029"}
        "400":
          application/json: {"error": {"category": "user_error", "code": "MA_00001", "message": "missing parameters", "request_id": "17c3b70c5096df0e77e838323abb7029"}}
        "408":
          application/json: {"key": "<value>", "key1": "<value>", "key2": "<value>"}
    AssetIDExample:
      parameters:
        path:
          cloud_name: "your-cloud-name"
      requestBody:
        application/json: {"source": {"asset_id": "e12345b5c456c8901bbb0efc00c0fcf"}, "prompts": ["Describe this image in detail", "Does this image contain an insect?"]}
      responses:
        "200":
          application/json: {"data": {"analysis": {"responses": [{"value": "The image contains one cat."}, {"value": "The cat is on top of the table."}], "model_version": 1}}, "limits": {"usage": {"type": "ai_vision", "count": 123}}, "request_id": "17c3b70c5096df0e77e838323abb7029"}
        "400":
          application/json: {"error": {"category": "user_error", "code": "MA_00001", "message": "missing parameters", "request_id": "17c3b70c5096df0e77e838323abb7029"}}
        "408":
          application/json: {"key": "<value>", "key1": "<value>", "key2": "<value>"}
    "":
      parameters:
        path:
          cloud_name: "your-cloud-name"
      requestBody:
        application/json: {"source": {"asset_id": "e12345b5c456c8901bbb0efc00c0fcf"}, "prompts": ["[\"Please describe this image in detail\",\"Does this image contain an animal?\"]"]}
      responses:
        "200":
          application/json: {"data": {"analysis": {"responses": [{"value": "The image contains one cat."}, {"value": "The cat is on top of the table."}], "model_version": 1}}, "limits": {"usage": {"type": "ai_vision", "count": 123}}, "request_id": "17c3b70c5096df0e77e838323abb7029"}
        "400":
          application/json: {"error": {"category": "user_error", "code": "MA_00001", "message": "missing parameters", "request_id": "17c3b70c5096df0e77e838323abb7029"}}
        "408":
          application/json: {"key": "<value>", "key1": "<value>", "key2": "<value>"}
  analyze_ai_vision_moderation:
    speakeasy-default-analyze-ai-vision-moderation:
      requestBody:
        application/json: {"source": {"asset_id": "e12345b5c456c8901bbb0efc00c0fcf", "uri": "https://res.cloudinary.com/demo/image/upload/sample.jpg"}, "rejection_questions": ["Does the image contain any violent activity?"]}
      responses:
        "200":
          application/json: {"data": {"analysis": {"responses": [{"prompt": "Does the image contain any violent activity?", "value": "no"}, {"prompt": "Is there any nudity in the image?", "value": "yes"}], "model_version": 1}}, "limits": {"usage": {"type": "ai_vision", "count": 123}}, "request_id": "17c3b70c5096df0e77e838323abb7029"}
        "400":
          application/json: {"error": {"category": "user_error", "code": "MA_00001", "message": "missing parameters", "request_id": "17c3b70c5096df0e77e838323abb7029"}}
    UriExample:
      parameters:
        path:
          cloud_name: "your-cloud-name"
      requestBody:
        application/json: {"source": {"uri": "https://res.cloudinary.com/demo/image/upload/sample.jpg"}, "rejection_questions": ["Does this image contain any violent activity?", "Is there any nudity in the image?"]}
      responses:
        "200":
          application/json: {"data": {"analysis": {"responses": [{"prompt": "Does the image contain any violent activity?", "value": "no"}, {"prompt": "Is there any nudity in the image?", "value": "yes"}], "model_version": 1}}, "limits": {"usage": {"type": "ai_vision", "count": 123}}, "request_id": "17c3b70c5096df0e77e838323abb7029"}
        "400":
          application/json: {"error": {"category": "user_error", "code": "MA_00001", "message": "missing parameters", "request_id": "17c3b70c5096df0e77e838323abb7029"}}
        "408":
          application/json: {"key": "<value>", "key1": "<value>", "key2": "<value>"}
    AssetIDExample:
      parameters:
        path:
          cloud_name: "your-cloud-name"
      requestBody:
        application/json: {"source": {"asset_id": "e12345b5c456c8901bbb0efc00c0fcf"}, "rejection_questions": ["Does this image contain any violent activity?", "Is there any nudity in the image?"]}
      responses:
        "200":
          application/json: {"data": {"analysis": {"responses": [{"prompt": "Does the image contain any violent activity?", "value": "no"}, {"prompt": "Is there any nudity in the image?", "value": "yes"}], "model_version": 1}}, "limits": {"usage": {"type": "ai_vision", "count": 123}}, "request_id": "17c3b70c5096df0e77e838323abb7029"}
        "400":
          application/json: {"error": {"category": "user_error", "code": "MA_00001", "message": "missing parameters", "request_id": "17c3b70c5096df0e77e838323abb7029"}}
        "408":
          application/json: {"key": "<value>"}
    "":
      parameters:
        path:
          cloud_name: "your-cloud-name"
      requestBody:
        application/json: {"source": {"uri": "https://res.cloudinary.com/demo/image/upload/sample.jpg"}, "rejection_questions": ["Does the image contain any violent activity?"]}
      responses:
        "200":
          application/json: {"data": {"analysis": {"responses": [{"prompt": "Does the image contain any violent activity?", "value": "no"}, {"prompt": "Is there any nudity in the image?", "value": "yes"}], "model_version": 1}}, "limits": {"usage": {"type": "ai_vision", "count": 123}}, "request_id": "17c3b70c5096df0e77e838323abb7029"}
        "400":
          application/json: {"error": {"category": "user_error", "code": "MA_00001", "message": "missing parameters", "request_id": "17c3b70c5096df0e77e838323abb7029"}}
        "408":
          application/json: {"key": "<value>", "key1": "<value>", "key2": "<value>"}
  analyze_ai_vision_tagging:
    speakeasy-default-analyze-ai-vision-tagging:
      requestBody:
        application/json: {"source": {"asset_id": "e12345b5c456c8901bbb0efc00c0fcf", "uri": "https://res.cloudinary.com/demo/image/upload/sample.jpg"}, "tag_definitions": [{"name": "cigarettes", "description": "Does the image contain a pack of cigarettes?"}]}
      responses:
        "200":
          application/json: {"data": {"analysis": {"tags": [{"name": "cat"}, {"name": "table"}], "model_version": 1}}, "limits": {"usage": {"type": "ai_vision", "count": 123}}, "request_id": "17c3b70c5096df0e77e838323abb7029"}
        "400":
          application/json: {"error": {"category": "user_error", "code": "MA_00001", "message": "missing parameters", "request_id": "17c3b70c5096df0e77e838323abb7029"}}
    UriExample:
      parameters:
        path:
          cloud_name: "your-cloud-name"
      requestBody:
        application/json: {"source": {"uri": "https://res.cloudinary.com/demo/image/upload/sample.jpg"}, "tag_definitions": [{"name": "cigarettes", "description": "Does the image contain a pack of cigarettes?"}, {"name": "furniture", "description": "Does the image contain any tables, chairs, couches or sofas?"}]}
      responses:
        "200":
          application/json: {"data": {"analysis": {"tags": [{"name": "cat"}, {"name": "table"}], "model_version": 1}}, "limits": {"usage": {"type": "ai_vision", "count": 123}}, "request_id": "17c3b70c5096df0e77e838323abb7029"}
        "400":
          application/json: {"error": {"category": "user_error", "code": "MA_00001", "message": "missing parameters", "request_id": "17c3b70c5096df0e77e838323abb7029"}}
        "408":
          application/json: {"key": "<value>", "key1": "<value>"}
    AssetIDExample:
      parameters:
        path:
          cloud_name: "your-cloud-name"
      requestBody:
        application/json: {"source": {"asset_id": "e12345b5c456c8901bbb0efc00c0fcf"}, "tag_definitions": [{"name": "cigarettes", "description": "Does the image contain a pack of cigarettes?"}, {"name": "furniture", "description": "Does the image contain any tables, chairs, couches or sofas?"}]}
      responses:
        "200":
          application/json: {"data": {"analysis": {"tags": [{"name": "cat"}, {"name": "table"}], "model_version": 1}}, "limits": {"usage": {"type": "ai_vision", "count": 123}}, "request_id": "17c3b70c5096df0e77e838323abb7029"}
        "400":
          application/json: {"error": {"category": "user_error", "code": "MA_00001", "message": "missing parameters", "request_id": "17c3b70c5096df0e77e838323abb7029"}}
        "408":
          application/json: {"key": "<value>", "key1": "<value>", "key2": "<value>"}
    "":
      parameters:
        path:
          cloud_name: "your-cloud-name"
      requestBody:
        application/json: {"source": {"asset_id": "e12345b5c456c8901bbb0efc00c0fcf"}, "tag_definitions": [{"name": "cigarettes", "description": "Does the image contain a pack of cigarettes?"}]}
      responses:
        "200":
          application/json: {"data": {"analysis": {"tags": [{"name": "cat"}, {"name": "table"}], "model_version": 1}}, "limits": {"usage": {"type": "ai_vision", "count": 123}}, "request_id": "17c3b70c5096df0e77e838323abb7029"}
        "400":
          application/json: {"error": {"category": "user_error", "code": "MA_00001", "message": "missing parameters", "request_id": "17c3b70c5096df0e77e838323abb7029"}}
        "408":
          application/json: {"key": "<value>", "key1": "<value>", "key2": "<value>"}
  analyze_captioning:
    speakeasy-default-analyze-captioning:
      requestBody:
        application/json: {"source": {"asset_id": "e12345b5c456c8901bbb0efc00c0fcf", "uri": "https://res.cloudinary.com/demo/image/upload/sample.jpg"}}
      responses:
        "200":
          application/json: {"data": {"analysis": {"data": {"caption": "A cat sitting on a table"}, "model_version": 1}}, "limits": {"usage": {"type": "ai_vision", "count": 123}}, "request_id": "17c3b70c5096df0e77e838323abb7029"}
        "400":
          application/json: {"error": {"category": "user_error", "code": "MA_00001", "message": "missing parameters", "request_id": "17c3b70c5096df0e77e838323abb7029"}}
    UriExample:
      parameters:
        path:
          cloud_name: "your-cloud-name"
      requestBody:
        application/json: {"source": {"uri": "https://res.cloudinary.com/demo/image/upload/sample.jpg"}}
      responses:
        "200":
          application/json: {"data": {"analysis": {"data": {"caption": "A cat sitting on a table"}, "model_version": 1}}, "limits": {"usage": {"type": "ai_vision", "count": 123}}, "request_id": "17c3b70c5096df0e77e838323abb7029"}
        "400":
          application/json: {"error": {"category": "user_error", "code": "MA_00001", "message": "missing parameters", "request_id": "17c3b70c5096df0e77e838323abb7029"}}
        "408":
          application/json: {"key": "<value>", "key1": "<value>"}
    AssetIDExample:
      parameters:
        path:
          cloud_name: "your-cloud-name"
      requestBody:
        application/json: {"source": {"asset_id": "e12345b5c456c8901bbb0efc00c0fcf"}}
      responses:
        "200":
          application/json: {"data": {"analysis": {"data": {"caption": "A cat sitting on a table"}, "model_version": 1}}, "limits": {"usage": {"type": "ai_vision", "count": 123}}, "request_id": "17c3b70c5096df0e77e838323abb7029"}
        "400":
          application/json: {"error": {"category": "user_error", "code": "MA_00001", "message": "missing parameters", "request_id": "17c3b70c5096df0e77e838323abb7029"}}
        "408":
          application/json: {"key": "<value>", "key1": "<value>"}
    "":
      parameters:
        path:
          cloud_name: "your-cloud-name"
      requestBody:
        application/json: {"source": {"uri": "https://res.cloudinary.com/demo/image/upload/sample.jpg"}}
      responses:
        "200":
          application/json: {"data": {"analysis": {"data": {"caption": "A cat sitting on a table"}, "model_version": 1}}, "limits": {"usage": {"type": "ai_vision", "count": 123}}, "request_id": "17c3b70c5096df0e77e838323abb7029"}
        "400":
          application/json: {"error": {"category": "user_error", "code": "MA_00001", "message": "missing parameters", "request_id": "17c3b70c5096df0e77e838323abb7029"}}
        "408":
          application/json: {"key": "<value>", "key1": "<value>"}
  analyze_cld_fashion:
    speakeasy-default-analyze-cld-fashion:
      requestBody:
        application/json: {"source": {"asset_id": "e12345b5c456c8901bbb0efc00c0fcf", "uri": "https://res.cloudinary.com/demo/image/upload/sample.jpg"}}
      responses:
        "200":
          application/json: {"data": {"analysis": {"model_version": 1}}, "limits": {"usage": {"type": "ai_vision", "count": 123}}, "request_id": "17c3b70c5096df0e77e838323abb7029"}
        "400":
          application/json: {"error": {"category": "user_error", "code": "MA_00001", "message": "missing parameters", "request_id": "17c3b70c5096df0e77e838323abb7029"}}
    UriExample:
      parameters:
        path:
          cloud_name: "your-cloud-name"
      requestBody:
        application/json: {"source": {"uri": "https://res.cloudinary.com/demo/image/upload/sample.jpg"}}
      responses:
        "200":
          application/json: {"data": {"analysis": {"model_version": 1}}, "limits": {"usage": {"type": "ai_vision", "count": 123}}, "request_id": "17c3b70c5096df0e77e838323abb7029"}
        "400":
          application/json: {"error": {"category": "user_error", "code": "MA_00001", "message": "missing parameters", "request_id": "17c3b70c5096df0e77e838323abb7029"}}
        "408": {}
    AssetIDExample:
      parameters:
        path:
          cloud_name: "your-cloud-name"
      requestBody:
        application/json: {"source": {"asset_id": "e12345b5c456c8901bbb0efc00c0fcf"}}
      responses:
        "200":
          application/json: {"data": {"analysis": {"model_version": 1}}, "limits": {"usage": {"type": "ai_vision", "count": 123}}, "request_id": "17c3b70c5096df0e77e838323abb7029"}
        "400":
          application/json: {"error": {"category": "user_error", "code": "MA_00001", "message": "missing parameters", "request_id": "17c3b70c5096df0e77e838323abb7029"}}
        "408":
          application/json: {"key": "<value>"}
    "":
      parameters:
        path:
          cloud_name: "your-cloud-name"
      requestBody:
        application/json: {"source": {"uri": "https://res.cloudinary.com/demo/image/upload/sample.jpg"}}
      responses:
        "200":
          application/json: {"data": {"analysis": {"model_version": 1}}, "limits": {"usage": {"type": "ai_vision", "count": 123}}, "request_id": "17c3b70c5096df0e77e838323abb7029"}
        "400":
          application/json: {"error": {"category": "user_error", "code": "MA_00001", "message": "missing parameters", "request_id": "17c3b70c5096df0e77e838323abb7029"}}
        "408":
          application/json: {"key": "<value>"}
  analyze_cld_text:
    speakeasy-default-analyze-cld-text:
      requestBody:
        application/json: {"source": {"asset_id": "e12345b5c456c8901bbb0efc00c0fcf", "uri": "https://res.cloudinary.com/demo/image/upload/sample.jpg"}}
      responses:
        "200":
          application/json: {"data": {"analysis": {"model_version": 1}}, "limits": {"usage": {"type": "ai_vision", "count": 123}}, "request_id": "17c3b70c5096df0e77e838323abb7029"}
        "400":
          application/json: {"error": {"category": "user_error", "code": "MA_00001", "message": "missing parameters", "request_id": "17c3b70c5096df0e77e838323abb7029"}}
    UriExample:
      parameters:
        path:
          cloud_name: "your-cloud-name"
      requestBody:
        application/json: {"source": {"uri": "https://res.cloudinary.com/demo/image/upload/sample.jpg"}}
      responses:
        "200":
          application/json: {"data": {"analysis": {"model_version": 1}}, "limits": {"usage": {"type": "ai_vision", "count": 123}}, "request_id": "17c3b70c5096df0e77e838323abb7029"}
        "400":
          application/json: {"error": {"category": "user_error", "code": "MA_00001", "message": "missing parameters", "request_id": "17c3b70c5096df0e77e838323abb7029"}}
        "408":
          application/json: {"key": "<value>", "key1": "<value>", "key2": "<value>"}
    AssetIDExample:
      parameters:
        path:
          cloud_name: "your-cloud-name"
      requestBody:
        application/json: {"source": {"asset_id": "e12345b5c456c8901bbb0efc00c0fcf"}}
      responses:
        "200":
          application/json: {"data": {"analysis": {"model_version": 1}}, "limits": {"usage": {"type": "ai_vision", "count": 123}}, "request_id": "17c3b70c5096df0e77e838323abb7029"}
        "400":
          application/json: {"error": {"category": "user_error", "code": "MA_00001", "message": "missing parameters", "request_id": "17c3b70c5096df0e77e838323abb7029"}}
        "408":
          application/json: {"key": "<value>", "key1": "<value>"}
    "":
      parameters:
        path:
          cloud_name: "your-cloud-name"
      requestBody:
        application/json: {"source": {"uri": "https://res.cloudinary.com/demo/image/upload/sample.jpg"}}
      responses:
        "200":
          application/json: {"data": {"analysis": {"model_version": 1}}, "limits": {"usage": {"type": "ai_vision", "count": 123}}, "request_id": "17c3b70c5096df0e77e838323abb7029"}
        "400":
          application/json: {"error": {"category": "user_error", "code": "MA_00001", "message": "missing parameters", "request_id": "17c3b70c5096df0e77e838323abb7029"}}
        "408":
          application/json: {"key": "<value>"}
  analyze_coco:
    speakeasy-default-analyze-coco:
      requestBody:
        application/json: {"source": {"asset_id": "e12345b5c456c8901bbb0efc00c0fcf", "uri": "https://res.cloudinary.com/demo/image/upload/sample.jpg"}}
      responses:
        "200":
          application/json: {"data": {"analysis": {"model_version": 1}}, "limits": {"usage": {"type": "ai_vision", "count": 123}}, "request_id": "17c3b70c5096df0e77e838323abb7029"}
        "400":
          application/json: {"error": {"category": "user_error", "code": "MA_00001", "message": "missing parameters", "request_id": "17c3b70c5096df0e77e838323abb7029"}}
    UriExample:
      parameters:
        path:
          cloud_name: "your-cloud-name"
      requestBody:
        application/json: {"source": {"uri": "https://res.cloudinary.com/demo/image/upload/sample.jpg"}}
      responses:
        "200":
          application/json: {"data": {"analysis": {"model_version": 1}}, "limits": {"usage": {"type": "ai_vision", "count": 123}}, "request_id": "17c3b70c5096df0e77e838323abb7029"}
        "400":
          application/json: {"error": {"category": "user_error", "code": "MA_00001", "message": "missing parameters", "request_id": "17c3b70c5096df0e77e838323abb7029"}}
        "408": {}
    AssetIDExample:
      parameters:
        path:
          cloud_name: "your-cloud-name"
      requestBody:
        application/json: {"source": {"asset_id": "e12345b5c456c8901bbb0efc00c0fcf"}}
      responses:
        "200":
          application/json: {"data": {"analysis": {"model_version": 1}}, "limits": {"usage": {"type": "ai_vision", "count": 123}}, "request_id": "17c3b70c5096df0e77e838323abb7029"}
        "400":
          application/json: {"error": {"category": "user_error", "code": "MA_00001", "message": "missing parameters", "request_id": "17c3b70c5096df0e77e838323abb7029"}}
        "408":
          application/json: {"key": "<value>"}
    "":
      parameters:
        path:
          cloud_name: "your-cloud-name"
      requestBody:
        application/json: {"source": {"uri": "https://res.cloudinary.com/demo/image/upload/sample.jpg"}}
      responses:
        "200":
          application/json: {"data": {"analysis": {"model_version": 1}}, "limits": {"usage": {"type": "ai_vision", "count": 123}}, "request_id": "17c3b70c5096df0e77e838323abb7029"}
        "400":
          application/json: {"error": {"category": "user_error", "code": "MA_00001", "message": "missing parameters", "request_id": "17c3b70c5096df0e77e838323abb7029"}}
        "408":
          application/json: {"key": "<value>"}
  analyze_google_tagging:
    speakeasy-default-analyze-google-tagging:
      requestBody:
        application/json: {"source": {"asset_id": "e12345b5c456c8901bbb0efc00c0fcf", "uri": "https://res.cloudinary.com/demo/image/upload/sample.jpg"}}
      responses:
        "200":
          application/json: {"data": {"analysis": {"label_annotations": {"labels": [{"label": "cat", "score": 0.9}, {"label": "table", "score": 0.8}]}}}, "limits": {"usage": {"type": "ai_vision", "count": 123}}, "request_id": "17c3b70c5096df0e77e838323abb7029"}
        "400":
          application/json: {"error": {"category": "user_error", "code": "MA_00001", "message": "missing parameters", "request_id": "17c3b70c5096df0e77e838323abb7029"}}
    UriExample:
      parameters:
        path:
          cloud_name: "your-cloud-name"
      requestBody:
        application/json: {"source": {"uri": "https://res.cloudinary.com/demo/image/upload/sample.jpg"}}
      responses:
        "200":
          application/json: {"data": {"analysis": {"label_annotations": {"labels": [{"label": "cat", "score": 0.9}, {"label": "table", "score": 0.8}]}}}, "limits": {"usage": {"type": "ai_vision", "count": 123}}, "request_id": "17c3b70c5096df0e77e838323abb7029"}
        "400":
          application/json: {"error": {"category": "user_error", "code": "MA_00001", "message": "missing parameters", "request_id": "17c3b70c5096df0e77e838323abb7029"}}
        "408": {}
    AssetIDExample:
      parameters:
        path:
          cloud_name: "your-cloud-name"
      requestBody:
        application/json: {"source": {"asset_id": "e12345b5c456c8901bbb0efc00c0fcf"}}
      responses:
        "200":
          application/json: {"data": {"analysis": {"label_annotations": {"labels": [{"label": "cat", "score": 0.9}, {"label": "table", "score": 0.8}]}}}, "limits": {"usage": {"type": "ai_vision", "count": 123}}, "request_id": "17c3b70c5096df0e77e838323abb7029"}
        "400":
          application/json: {"error": {"category": "user_error", "code": "MA_00001", "message": "missing parameters", "request_id": "17c3b70c5096df0e77e838323abb7029"}}
        "408": {}
    "":
      parameters:
        path:
          cloud_name: "your-cloud-name"
      requestBody:
        application/json: {"source": {"asset_id": "e12345b5c456c8901bbb0efc00c0fcf"}}
      responses:
        "200":
          application/json: {"data": {"analysis": {"label_annotations": {"labels": [{"label": "cat", "score": 0.9}, {"label": "table", "score": 0.8}]}}}, "limits": {"usage": {"type": "ai_vision", "count": 123}}, "request_id": "17c3b70c5096df0e77e838323abb7029"}
        "400":
          application/json: {"error": {"category": "user_error", "code": "MA_00001", "message": "missing parameters", "request_id": "17c3b70c5096df0e77e838323abb7029"}}
        "408":
          application/json: {"key": "<value>"}
  analyze_human_anatomy:
    speakeasy-default-analyze-human-anatomy:
      requestBody:
        application/json: {"source": {"asset_id": "e12345b5c456c8901bbb0efc00c0fcf", "uri": "https://res.cloudinary.com/demo/image/upload/sample.jpg"}}
      responses:
        "200":
          application/json: {"data": {"analysis": {"model_version": 1}}, "limits": {"usage": {"type": "ai_vision", "count": 123}}, "request_id": "17c3b70c5096df0e77e838323abb7029"}
        "400":
          application/json: {"error": {"category": "user_error", "code": "MA_00001", "message": "missing parameters", "request_id": "17c3b70c5096df0e77e838323abb7029"}}
    UriExample:
      parameters:
        path:
          cloud_name: "your-cloud-name"
      requestBody:
        application/json: {"source": {"uri": "https://res.cloudinary.com/demo/image/upload/sample.jpg"}}
      responses:
        "200":
          application/json: {"data": {"analysis": {"model_version": 1}}, "limits": {"usage": {"type": "ai_vision", "count": 123}}, "request_id": "17c3b70c5096df0e77e838323abb7029"}
        "400":
          application/json: {"error": {"category": "user_error", "code": "MA_00001", "message": "missing parameters", "request_id": "17c3b70c5096df0e77e838323abb7029"}}
        "408":
          application/json: {"key": "<value>"}
    AssetIDExample:
      parameters:
        path:
          cloud_name: "your-cloud-name"
      requestBody:
        application/json: {"source": {"asset_id": "e12345b5c456c8901bbb0efc00c0fcf"}}
      responses:
        "200":
          application/json: {"data": {"analysis": {"model_version": 1}}, "limits": {"usage": {"type": "ai_vision", "count": 123}}, "request_id": "17c3b70c5096df0e77e838323abb7029"}
        "400":
          application/json: {"error": {"category": "user_error", "code": "MA_00001", "message": "missing parameters", "request_id": "17c3b70c5096df0e77e838323abb7029"}}
        "408":
          application/json: {"key": "<value>", "key1": "<value>", "key2": "<value>"}
    "":
      parameters:
        path:
          cloud_name: "your-cloud-name"
      requestBody:
        application/json: {"source": {"uri": "https://res.cloudinary.com/demo/image/upload/sample.jpg"}}
      responses:
        "200":
          application/json: {"data": {"analysis": {"model_version": 1}}, "limits": {"usage": {"type": "ai_vision", "count": 123}}, "request_id": "17c3b70c5096df0e77e838323abb7029"}
        "400":
          application/json: {"error": {"category": "user_error", "code": "MA_00001", "message": "missing parameters", "request_id": "17c3b70c5096df0e77e838323abb7029"}}
        "408":
          application/json: {"key": "<value>"}
  analyze_lvis:
    speakeasy-default-analyze-lvis:
      requestBody:
        application/json: {"source": {"asset_id": "e12345b5c456c8901bbb0efc00c0fcf", "uri": "https://res.cloudinary.com/demo/image/upload/sample.jpg"}}
      responses:
        "200":
          application/json: {"data": {"analysis": {"model_version": 1}}, "limits": {"usage": {"type": "ai_vision", "count": 123}}, "request_id": "17c3b70c5096df0e77e838323abb7029"}
        "400":
          application/json: {"error": {"category": "user_error", "code": "MA_00001", "message": "missing parameters", "request_id": "17c3b70c5096df0e77e838323abb7029"}}
    UriExample:
      parameters:
        path:
          cloud_name: "your-cloud-name"
      requestBody:
        application/json: {"source": {"uri": "https://res.cloudinary.com/demo/image/upload/sample.jpg"}}
      responses:
        "200":
          application/json: {"data": {"analysis": {"model_version": 1}}, "limits": {"usage": {"type": "ai_vision", "count": 123}}, "request_id": "17c3b70c5096df0e77e838323abb7029"}
        "400":
          application/json: {"error": {"category": "user_error", "code": "MA_00001", "message": "missing parameters", "request_id": "17c3b70c5096df0e77e838323abb7029"}}
        "408": {}
    AssetIDExample:
      parameters:
        path:
          cloud_name: "your-cloud-name"
      requestBody:
        application/json: {"source": {"asset_id": "e12345b5c456c8901bbb0efc00c0fcf"}}
      responses:
        "200":
          application/json: {"data": {"analysis": {"model_version": 1}}, "limits": {"usage": {"type": "ai_vision", "count": 123}}, "request_id": "17c3b70c5096df0e77e838323abb7029"}
        "400":
          application/json: {"error": {"category": "user_error", "code": "MA_00001", "message": "missing parameters", "request_id": "17c3b70c5096df0e77e838323abb7029"}}
        "408": {}
    "":
      parameters:
        path:
          cloud_name: "your-cloud-name"
      requestBody:
        application/json: {"source": {"uri": "https://res.cloudinary.com/demo/image/upload/sample.jpg"}}
      responses:
        "200":
          application/json: {"data": {"analysis": {"model_version": 1}}, "limits": {"usage": {"type": "ai_vision", "count": 123}}, "request_id": "17c3b70c5096df0e77e838323abb7029"}
        "400":
          application/json: {"error": {"category": "user_error", "code": "MA_00001", "message": "missing parameters", "request_id": "17c3b70c5096df0e77e838323abb7029"}}
        "408":
          application/json: {"key": "<value>"}
  analyze_shop_classifier:
    speakeasy-default-analyze-shop-classifier:
      requestBody:
        application/json: {"source": {"asset_id": "e12345b5c456c8901bbb0efc00c0fcf", "uri": "https://res.cloudinary.com/demo/image/upload/sample.jpg"}}
      responses:
        "200":
          application/json: {"data": {"analysis": {"model_version": 1}}, "limits": {"usage": {"type": "ai_vision", "count": 123}}, "request_id": "17c3b70c5096df0e77e838323abb7029"}
        "400":
          application/json: {"error": {"category": "user_error", "code": "MA_00001", "message": "missing parameters", "request_id": "17c3b70c5096df0e77e838323abb7029"}}
    UriExample:
      parameters:
        path:
          cloud_name: "your-cloud-name"
      requestBody:
        application/json: {"source": {"uri": "https://res.cloudinary.com/demo/image/upload/sample.jpg"}}
      responses:
        "200":
          application/json: {"data": {"analysis": {"model_version": 1}}, "limits": {"usage": {"type": "ai_vision", "count": 123}}, "request_id": "17c3b70c5096df0e77e838323abb7029"}
        "400":
          application/json: {"error": {"category": "user_error", "code": "MA_00001", "message": "missing parameters", "request_id": "17c3b70c5096df0e77e838323abb7029"}}
        "408":
          application/json: {"key": "<value>", "key1": "<value>", "key2": "<value>"}
    AssetIDExample:
      parameters:
        path:
          cloud_name: "your-cloud-name"
      requestBody:
        application/json: {"source": {"asset_id": "e12345b5c456c8901bbb0efc00c0fcf"}}
      responses:
        "200":
          application/json: {"data": {"analysis": {"model_version": 1}}, "limits": {"usage": {"type": "ai_vision", "count": 123}}, "request_id": "17c3b70c5096df0e77e838323abb7029"}
        "400":
          application/json: {"error": {"category": "user_error", "code": "MA_00001", "message": "missing parameters", "request_id": "17c3b70c5096df0e77e838323abb7029"}}
        "408":
          application/json: {"key": "<value>", "key1": "<value>", "key2": "<value>"}
    "":
      parameters:
        path:
          cloud_name: "your-cloud-name"
      requestBody:
        application/json: {"source": {"uri": "https://res.cloudinary.com/demo/image/upload/sample.jpg"}}
      responses:
        "200":
          application/json: {"data": {"analysis": {"model_version": 1}}, "limits": {"usage": {"type": "ai_vision", "count": 123}}, "request_id": "17c3b70c5096df0e77e838323abb7029"}
        "400":
          application/json: {"error": {"category": "user_error", "code": "MA_00001", "message": "missing parameters", "request_id": "17c3b70c5096df0e77e838323abb7029"}}
        "408":
          application/json: {"key": "<value>", "key1": "<value>", "key2": "<value>"}
  analyze_unidet:
    speakeasy-default-analyze-unidet:
      requestBody:
        application/json: {"source": {"asset_id": "e12345b5c456c8901bbb0efc00c0fcf", "uri": "https://res.cloudinary.com/demo/image/upload/sample.jpg"}}
      responses:
        "200":
          application/json: {"data": {"analysis": {"model_version": 1}}, "limits": {"usage": {"type": "ai_vision", "count": 123}}, "request_id": "17c3b70c5096df0e77e838323abb7029"}
        "400":
          application/json: {"error": {"category": "user_error", "code": "MA_00001", "message": "missing parameters", "request_id": "17c3b70c5096df0e77e838323abb7029"}}
    UriExample:
      parameters:
        path:
          cloud_name: "your-cloud-name"
      requestBody:
        application/json: {"source": {"uri": "https://res.cloudinary.com/demo/image/upload/sample.jpg"}}
      responses:
        "200":
          application/json: {"data": {"analysis": {"model_version": 1}}, "limits": {"usage": {"type": "ai_vision", "count": 123}}, "request_id": "17c3b70c5096df0e77e838323abb7029"}
        "400":
          application/json: {"error": {"category": "user_error", "code": "MA_00001", "message": "missing parameters", "request_id": "17c3b70c5096df0e77e838323abb7029"}}
        "408":
          application/json: {"key": "<value>", "key1": "<value>", "key2": "<value>"}
    AssetIDExample:
      parameters:
        path:
          cloud_name: "your-cloud-name"
      requestBody:
        application/json: {"source": {"asset_id": "e12345b5c456c8901bbb0efc00c0fcf"}}
      responses:
        "200":
          application/json: {"data": {"analysis": {"model_version": 1}}, "limits": {"usage": {"type": "ai_vision", "count": 123}}, "request_id": "17c3b70c5096df0e77e838323abb7029"}
        "400":
          application/json: {"error": {"category": "user_error", "code": "MA_00001", "message": "missing parameters", "request_id": "17c3b70c5096df0e77e838323abb7029"}}
        "408":
          application/json: {"key": "<value>"}
    "":
      parameters:
        path:
          cloud_name: "your-cloud-name"
      requestBody:
        application/json: {"source": {"uri": "https://res.cloudinary.com/demo/image/upload/sample.jpg"}}
      responses:
        "200":
          application/json: {"data": {"analysis": {"model_version": 1}}, "limits": {"usage": {"type": "ai_vision", "count": 123}}, "request_id": "17c3b70c5096df0e77e838323abb7029"}
        "400":
          application/json: {"error": {"category": "user_error", "code": "MA_00001", "message": "missing parameters", "request_id": "17c3b70c5096df0e77e838323abb7029"}}
        "408":
          application/json: {"key": "<value>", "key1": "<value>"}
  analyze_custom:
    speakeasy-default-analyze-custom:
      requestBody:
        application/json: {"source": {"asset_id": "e12345b5c456c8901bbb0efc00c0fcf", "uri": "https://res.cloudinary.com/demo/image/upload/sample.jpg"}, "model_name": "my_model", "model_version": 1}
      responses:
        "200":
          application/json: {"data": {"analysis": {"model_version": 1}}, "limits": {"usage": {"type": "ai_vision", "count": 123}}, "request_id": "17c3b70c5096df0e77e838323abb7029"}
        "400":
          application/json: {"error": {"category": "user_error", "code": "MA_00001", "message": "missing parameters", "request_id": "17c3b70c5096df0e77e838323abb7029"}}
  analyze_uri:
    speakeasy-default-analyze-uri:
      requestBody:
        application/json: {"uri": "https://res.cloudinary.com/demo/image/upload/sample.jpg"}
      responses:
        "200":
          application/json: {"data": {"entity": "https://res.cloudinary.com/demo/image/upload/sample.jpg", "analysis": {}}, "limits": {"usage": {"type": "ai_vision", "count": 123}}, "request_id": "17c3b70c5096df0e77e838323abb7029"}
        "400":
          application/json: {"error": {"category": "user_error", "code": "MA_00001", "message": "missing parameters", "request_id": "17c3b70c5096df0e77e838323abb7029"}}
    "":
      parameters:
        path:
          cloud_name: "your-cloud-name"
      requestBody:
        application/json: {"uri": "https://res.cloudinary.com/demo/image/upload/sample.jpg"}
      responses:
        "200":
          application/json: {"data": {"entity": "https://res.cloudinary.com/demo/image/upload/sample.jpg", "analysis": {}}, "limits": {"usage": {"type": "ai_vision", "count": 123}}, "request_id": "17c3b70c5096df0e77e838323abb7029"}
        "400":
          application/json: {"error": {"category": "user_error", "code": "MA_00001", "message": "missing parameters", "request_id": "17c3b70c5096df0e77e838323abb7029"}}
        "408":
          application/json: {"key": "<value>", "key1": "<value>", "key2": "<value>"}
