speakeasyVersion: 1.444.3
sources:
    Cloudinary-OAS:
        sourceNamespace: cloudinary-oas
        sourceRevisionDigest: sha256:4ca0e8a18c64790c57e19730db9cc00cd90456881b7d168f05c78459701e1c93
        sourceBlobDigest: sha256:884288daba1e1134e1924d96fb5d46a0182c651d37c49e82463fd4a767423886
        tags:
            - latest
            - speakeasy-sdk-regen-1732496306
            - 0.0.3
targets:
    analysis-go:
        source: Cloudinary-OAS
        sourceNamespace: cloudinary-oas
        sourceRevisionDigest: sha256:4ca0e8a18c64790c57e19730db9cc00cd90456881b7d168f05c78459701e1c93
        sourceBlobDigest: sha256:884288daba1e1134e1924d96fb5d46a0182c651d37c49e82463fd4a767423886
        codeSamplesNamespace: cloudinary-oas-code-samples
        codeSamplesRevisionDigest: sha256:d3ffe2d27c7d08b3d582d9d567a5b973af3021b8e5ad763303ab6ad412d73354
workflow:
    workflowVersion: 1.0.0
    speakeasyVersion: latest
    sources:
        Cloudinary-OAS:
            inputs:
                - location: ./AnalyzeAPI.yml
            overlays:
                - location: ./overlay.yaml
                - location: ./speakeasy-suggested-name-overlay.yaml
                - location: ./speakeasy-suggested-error-overlay.yaml
            registry:
                location: registry.speakeasyapi.dev/cloudinary/cloudinary-test/cloudinary-oas
    targets:
        analysis-go:
            target: go
            source: Cloudinary-OAS
            codeSamples:
                registry:
                    location: registry.speakeasyapi.dev/cloudinary/cloudinary-test/cloudinary-oas-code-samples
                blocking: false
