speakeasyVersion: 1.444.3
sources:
    Cloudinary-OAS:
        sourceNamespace: cloudinary-oas
        sourceRevisionDigest: sha256:0e4ac58893594da35cbc2bd5e92a83a135fac4f6d84164b27808b2f1f78db9bd
        sourceBlobDigest: sha256:1a672696545bd90116b62dfef854df7c8ff679fdb2c9e34454e22e77dca0931f
        tags:
            - latest
            - speakeasy-sdk-regen-1732498067
            - 0.0.4
targets:
    analysis-go:
        source: Cloudinary-OAS
        sourceNamespace: cloudinary-oas
        sourceRevisionDigest: sha256:0e4ac58893594da35cbc2bd5e92a83a135fac4f6d84164b27808b2f1f78db9bd
        sourceBlobDigest: sha256:1a672696545bd90116b62dfef854df7c8ff679fdb2c9e34454e22e77dca0931f
        codeSamplesNamespace: cloudinary-oas-code-samples
        codeSamplesRevisionDigest: sha256:a3d906e40f97999443c913bbc89826700834b090a130791e2631fd98406e67f6
workflow:
    workflowVersion: 1.0.0
    speakeasyVersion: latest
    sources:
        Cloudinary-OAS:
            inputs:
                - location: ./AnalyzeAPI.yml
            overlays:
                - location: ./overlay.yaml
                - location: ./speakeasy-suggested-name-overlay.yaml
                - location: ./speakeasy-suggested-error-overlay.yaml
            registry:
                location: registry.speakeasyapi.dev/cloudinary/cloudinary-test/cloudinary-oas
    targets:
        analysis-go:
            target: go
            source: Cloudinary-OAS
            codeSamples:
                registry:
                    location: registry.speakeasyapi.dev/cloudinary/cloudinary-test/cloudinary-oas-code-samples
                blocking: false
